// !$*UTF8*$!
{
	archiveVersion = 1;
	classes = {
	};
	objectVersion = 46;
	objects = {

/* Begin PBXBuildFile section */
		0B43733A19679953007B2F74 /* Foundation.framework in Frameworks */ = {isa = PBXBuildFile; fileRef = 0B43733919679953007B2F74 /* Foundation.framework */; };
		0B43733C19679953007B2F74 /* CoreGraphics.framework in Frameworks */ = {isa = PBXBuildFile; fileRef = 0B43733B19679953007B2F74 /* CoreGraphics.framework */; };
		0B43733E19679953007B2F74 /* UIKit.framework in Frameworks */ = {isa = PBXBuildFile; fileRef = 0B43733D19679953007B2F74 /* UIKit.framework */; };
		0B43734619679953007B2F74 /* main.m in Sources */ = {isa = PBXBuildFile; fileRef = 0B43734519679953007B2F74 /* main.m */; };
		0B43734D19679953007B2F74 /* Main.storyboard in Resources */ = {isa = PBXBuildFile; fileRef = 0B43734B19679953007B2F74 /* Main.storyboard */; };
		0B43735019679953007B2F74 /* WrapDemoViewController.m in Sources */ = {isa = PBXBuildFile; fileRef = 0B43734F19679953007B2F74 /* WrapDemoViewController.m */; };
		0B43736F196799F0007B2F74 /* Images.xcassets in Resources */ = {isa = PBXBuildFile; fileRef = 0B43736E196799F0007B2F74 /* Images.xcassets */; };
/* End PBXBuildFile section */

/* Begin PBXFileReference section */
		0B43733619679953007B2F74 /* WrapDemo.app */ = {isa = PBXFileReference; explicitFileType = wrapper.application; includeInIndex = 0; path = WrapDemo.app; sourceTree = BUILT_PRODUCTS_DIR; };
		0B43733919679953007B2F74 /* Foundation.framework */ = {isa = PBXFileReference; lastKnownFileType = wrapper.framework; name = Foundation.framework; path = System/Library/Frameworks/Foundation.framework; sourceTree = SDKROOT; };
		0B43733B19679953007B2F74 /* CoreGraphics.framework */ = {isa = PBXFileReference; lastKnownFileType = wrapper.framework; name = CoreGraphics.framework; path = System/Library/Frameworks/CoreGraphics.framework; sourceTree = SDKROOT; };
		0B43733D19679953007B2F74 /* UIKit.framework */ = {isa = PBXFileReference; lastKnownFileType = wrapper.framework; name = UIKit.framework; path = System/Library/Frameworks/UIKit.framework; sourceTree = SDKROOT; };
		0B43734119679953007B2F74 /* WrapDemo-Info.plist */ = {isa = PBXFileReference; lastKnownFileType = text.plist.xml; path = "WrapDemo-Info.plist"; sourceTree = "<group>"; };
		0B43734519679953007B2F74 /* main.m */ = {isa = PBXFileReference; lastKnownFileType = sourcecode.c.objc; path = main.m; sourceTree = "<group>"; };
		0B43734C19679953007B2F74 /* Base */ = {isa = PBXFileReference; lastKnownFileType = file.storyboard; name = Base; path = Base.lproj/Main.storyboard; sourceTree = "<group>"; };
		0B43734E19679953007B2F74 /* WrapDemoViewController.h */ = {isa = PBXFileReference; lastKnownFileType = sourcecode.c.h; path = WrapDemoViewController.h; sourceTree = "<group>"; };
		0B43734F19679953007B2F74 /* WrapDemoViewController.m */ = {isa = PBXFileReference; lastKnownFileType = sourcecode.c.objc; path = WrapDemoViewController.m; sourceTree = "<group>"; };
		0B43736E196799F0007B2F74 /* Images.xcassets */ = {isa = PBXFileReference; lastKnownFileType = folder.assetcatalog; path = Images.xcassets; sourceTree = "<group>"; };
/* End PBXFileReference section */

/* Begin PBXFrameworksBuildPhase section */
		0B43733319679953007B2F74 /* Frameworks */ = {
			isa = PBXFrameworksBuildPhase;
			buildActionMask = 2147483647;
			files = (
				0B43733C19679953007B2F74 /* CoreGraphics.framework in Frameworks */,
				0B43733E19679953007B2F74 /* UIKit.framework in Frameworks */,
				0B43733A19679953007B2F74 /* Foundation.framework in Frameworks */,
			);
			runOnlyForDeploymentPostprocessing = 0;
		};
/* End PBXFrameworksBuildPhase section */

/* Begin PBXGroup section */
		0B43732D19679953007B2F74 = {
			isa = PBXGroup;
			children = (
				0B43733F19679953007B2F74 /* WrapDemo */,
				0B43733819679953007B2F74 /* Frameworks */,
				0B43733719679953007B2F74 /* Products */,
			);
			sourceTree = "<group>";
		};
		0B43733719679953007B2F74 /* Products */ = {
			isa = PBXGroup;
			children = (
				0B43733619679953007B2F74 /* WrapDemo.app */,
			);
			name = Products;
			sourceTree = "<group>";
		};
		0B43733819679953007B2F74 /* Frameworks */ = {
			isa = PBXGroup;
			children = (
				0B43733919679953007B2F74 /* Foundation.framework */,
				0B43733B19679953007B2F74 /* CoreGraphics.framework */,
				0B43733D19679953007B2F74 /* UIKit.framework */,
			);
			name = Frameworks;
			sourceTree = "<group>";
		};
		0B43733F19679953007B2F74 /* WrapDemo */ = {
			isa = PBXGroup;
			children = (
				0B43734519679953007B2F74 /* main.m */,
				0B43734B19679953007B2F74 /* Main.storyboard */,
				0B43734E19679953007B2F74 /* WrapDemoViewController.h */,
				0B43734F19679953007B2F74 /* WrapDemoViewController.m */,
				0B43734119679953007B2F74 /* WrapDemo-Info.plist */,
				0B43736E196799F0007B2F74 /* Images.xcassets */,
			);
			path = WrapDemo;
			sourceTree = "<group>";
		};
/* End PBXGroup section */

/* Begin PBXNativeTarget section */
		0B43733519679953007B2F74 /* WrapDemo */ = {
			isa = PBXNativeTarget;
			buildConfigurationList = 0B43736819679953007B2F74 /* Build configuration list for PBXNativeTarget "WrapDemo" */;
			buildPhases = (
				0B43733219679953007B2F74 /* Sources */,
				0B43733319679953007B2F74 /* Frameworks */,
				0B43733419679953007B2F74 /* Resources */,
			);
			buildRules = (
			);
			dependencies = (
			);
			name = WrapDemo;
			productName = WrapDemo;
			productReference = 0B43733619679953007B2F74 /* WrapDemo.app */;
			productType = "com.apple.product-type.application";
		};
/* End PBXNativeTarget section */

/* Begin PBXProject section */
		0B43732E19679953007B2F74 /* Project object */ = {
			isa = PBXProject;
			attributes = {
				CLASSPREFIX = WrapDemo;
				LastUpgradeCheck = 0510;
				ORGANIZATIONNAME = "Jonathon Mah";
			};
			buildConfigurationList = 0B43733119679953007B2F74 /* Build configuration list for PBXProject "WrapDemo" */;
			compatibilityVersion = "Xcode 3.2";
			developmentRegion = English;
			hasScannedForEncodings = 0;
			knownRegions = (
				en,
				Base,
			);
			mainGroup = 0B43732D19679953007B2F74;
			productRefGroup = 0B43733719679953007B2F74 /* Products */;
			projectDirPath = "";
			projectRoot = "";
			targets = (
				0B43733519679953007B2F74 /* WrapDemo */,
			);
		};
/* End PBXProject section */

/* Begin PBXResourcesBuildPhase section */
		0B43733419679953007B2F74 /* Resources */ = {
			isa = PBXResourcesBuildPhase;
			buildActionMask = 2147483647;
			files = (
				0B43734D19679953007B2F74 /* Main.storyboard in Resources */,
				0B43736F196799F0007B2F74 /* Images.xcassets in Resources */,
			);
			runOnlyForDeploymentPostprocessing = 0;
		};
/* End PBXResourcesBuildPhase section */

/* Begin PBXSourcesBuildPhase section */
		0B43733219679953007B2F74 /* Sources */ = {
			isa = PBXSourcesBuildPhase;
			buildActionMask = 2147483647;
			files = (
				0B43734619679953007B2F74 /* main.m in Sources */,
				0B43735019679953007B2F74 /* WrapDemoViewController.m in Sources */,
			);
			runOnlyForDeploymentPostprocessing = 0;
		};
/* End PBXSourcesBuildPhase section */

/* Begin PBXVariantGroup section */
		0B43734B19679953007B2F74 /* Main.storyboard */ = {
			isa = PBXVariantGroup;
			children = (
				0B43734C19679953007B2F74 /* Base */,
			);
			name = Main.storyboard;
			sourceTree = "<group>";
		};
/* End PBXVariantGroup section */

/* Begin XCBuildConfiguration section */
		0B43736619679953007B2F74 /* Debug */ = {
			isa = XCBuildConfiguration;
			buildSettings = {
				ALWAYS_SEARCH_USER_PATHS = NO;
				CLANG_CXX_LANGUAGE_STANDARD = "gnu++0x";
				CLANG_CXX_LIBRARY = "libc++";
				CLANG_ENABLE_MODULES = YES;
				CLANG_ENABLE_OBJC_ARC = YES;
				CLANG_WARN_BOOL_CONVERSION = YES;
				CLANG_WARN_CONSTANT_CONVERSION = YES;
				CLANG_WARN_DIRECT_OBJC_ISA_USAGE = YES_ERROR;
				CLANG_WARN_EMPTY_BODY = YES;
				CLANG_WARN_ENUM_CONVERSION = YES;
				CLANG_WARN_INT_CONVERSION = YES;
				CLANG_WARN_OBJC_ROOT_CLASS = YES_ERROR;
				CLANG_WARN__DUPLICATE_METHOD_MATCH = YES;
				"CODE_SIGN_IDENTITY[sdk=iphoneos*]" = "iPhone Developer";
				COPY_PHASE_STRIP = NO;
				GCC_C_LANGUAGE_STANDARD = gnu99;
				GCC_DYNAMIC_NO_PIC = NO;
				GCC_OPTIMIZATION_LEVEL = 0;
				GCC_PREPROCESSOR_DEFINITIONS = (
					"DEBUG=1",
					"$(inherited)",
				);
				GCC_SYMBOLS_PRIVATE_EXTERN = NO;
				GCC_WARN_64_TO_32_BIT_CONVERSION = YES;
				GCC_WARN_ABOUT_RETURN_TYPE = YES_ERROR;
				GCC_WARN_UNDECLARED_SELECTOR = YES;
				GCC_WARN_UNINITIALIZED_AUTOS = YES_AGGRESSIVE;
				GCC_WARN_UNUSED_FUNCTION = YES;
				GCC_WARN_UNUSED_VARIABLE = YES;
				IPHONEOS_DEPLOYMENT_TARGET = 7.1;
				ONLY_ACTIVE_ARCH = YES;
				SDKROOT = iphoneos;
			};
			name = Debug;
		};
		0B43736719679953007B2F74 /* Release */ = {
			isa = XCBuildConfiguration;
			buildSettings = {
				ALWAYS_SEARCH_USER_PATHS = NO;
				CLANG_CXX_LANGUAGE_STANDARD = "gnu++0x";
				CLANG_CXX_LIBRARY = "libc++";
				CLANG_ENABLE_MODULES = YES;
				CLANG_ENABLE_OBJC_ARC = YES;
				CLANG_WARN_BOOL_CONVERSION = YES;
				CLANG_WARN_CONSTANT_CONVERSION = YES;
				CLANG_WARN_DIRECT_OBJC_ISA_USAGE = YES_ERROR;
				CLANG_WARN_EMPTY_BODY = YES;
				CLANG_WARN_ENUM_CONVERSION = YES;
				CLANG_WARN_INT_CONVERSION = YES;
				CLANG_WARN_OBJC_ROOT_CLASS = YES_ERROR;
				CLANG_WARN__DUPLICATE_METHOD_MATCH = YES;
				"CODE_SIGN_IDENTITY[sdk=iphoneos*]" = "iPhone Developer";
				COPY_PHASE_STRIP = YES;
				ENABLE_NS_ASSERTIONS = NO;
				GCC_C_LANGUAGE_STANDARD = gnu99;
				GCC_WARN_64_TO_32_BIT_CONVERSION = YES;
				GCC_WARN_ABOUT_RETURN_TYPE = YES_ERROR;
				GCC_WARN_UNDECLARED_SELECTOR = YES;
				GCC_WARN_UNINITIALIZED_AUTOS = YES_AGGRESSIVE;
				GCC_WARN_UNUSED_FUNCTION = YES;
				GCC_WARN_UNUSED_VARIABLE = YES;
				IPHONEOS_DEPLOYMENT_TARGET = 7.1;
				SDKROOT = iphoneos;
				VALIDATE_PRODUCT = YES;
			};
			name = Release;
		};
		0B43736919679953007B2F74 /* Debug */ = {
			isa = XCBuildConfiguration;
			buildSettings = {
				ASSETCATALOG_COMPILER_APPICON_NAME = AppIcon;
				ASSETCATALOG_COMPILER_LAUNCHIMAGE_NAME = LaunchImage;
				INFOPLIST_FILE = "WrapDemo/WrapDemo-Info.plist";
				PRODUCT_NAME = "$(TARGET_NAME)";
				WRAPPER_EXTENSION = app;
			};
			name = Debug;
		};
		0B43736A19679953007B2F74 /* Release */ = {
			isa = XCBuildConfiguration;
			buildSettings = {
				ASSETCATALOG_COMPILER_APPICON_NAME = AppIcon;
				ASSETCATALOG_COMPILER_LAUNCHIMAGE_NAME = LaunchImage;
				INFOPLIST_FILE = "WrapDemo/WrapDemo-Info.plist";
				PRODUCT_NAME = "$(TARGET_NAME)";
				WRAPPER_EXTENSION = app;
			};
			name = Release;
		};
/* End XCBuildConfiguration section */

/* Begin XCConfigurationList section */
		0B43733119679953007B2F74 /* Build configuration list for PBXProject "WrapDemo" */ = {
			isa = XCConfigurationList;
			buildConfigurations = (
				0B43736619679953007B2F74 /* Debug */,
				0B43736719679953007B2F74 /* Release */,
			);
			defaultConfigurationIsVisible = 0;
			defaultConfigurationName = Release;
		};
		0B43736819679953007B2F74 /* Build configuration list for PBXNativeTarget "WrapDemo" */ = {
			isa = XCConfigurationList;
			buildConfigurations = (
				0B43736919679953007B2F74 /* Debug */,
				0B43736A19679953007B2F74 /* Release */,
			);
			defaultConfigurationIsVisible = 0;
		};
/* End XCConfigurationList section */
	};
	rootObject = 0B43732E19679953007B2F74 /* Project object */;
}
